# THIS IS AN AUTOGENERATED FILE. DO NOT EDIT THIS FILE DIRECTLY.
# yarn lockfile v1


vanilla-nested@^1.6.1:
  version "1.6.1"
  resolved "https://registry.yarnpkg.com/vanilla-nested/-/vanilla-nested-1.6.1.tgz#aa7a63f0015f4ff85210aa5ef43670b3192232da"
  integrity sha512-bx91Dretf9lttfIrnw32HbMJYUhiYyCAiT4NvvIR8U8/wAp2IHFo72PpFnYMxzoVNeo2wA8XooVBVaAVBPv6kw==
